
Microsoft Visual Studio Solution File, Format Version 12.00
# Visual Studio Version 16
VisualStudioVersion = 16.0.31702.278
MinimumVisualStudioVersion = 10.0.40219.1
Project("{2150E333-8FDC-42A3-9474-1A3956D46DE8}") = "src", "src", "{F4814243-FAD3-4D99-B11A-23A0C59520F6}"
EndProject
Project("{2150E333-8FDC-42A3-9474-1A3956D46DE8}") = "Services", "Services", "{0A7C041A-4F27-4A83-A40D-78BB68B42993}"
	ProjectSection(SolutionItems) = preProject
		docker-compose.yml = docker-compose.yml
	EndProjectSection
EndProject
Project("{2150E333-8FDC-42A3-9474-1A3956D46DE8}") = "1.0 - Presentation", "1.0 - Presentation", "{E1C51FEC-5EC6-41FF-A43C-EE0B38D83E86}"
EndProject
Project("{2150E333-8FDC-42A3-9474-1A3956D46DE8}") = "2.0 - Business", "2.0 - Business", "{C58DBBFE-B0C0-4B7A-8409-7D1389EE7781}"
EndProject
Project("{2150E333-8FDC-42A3-9474-1A3956D46DE8}") = "3.0 - Domain", "3.0 - Domain", "{EEB55A19-6AD7-4BE0-A532-2B48CD1AAA74}"
EndProject
Project("{2150E333-8FDC-42A3-9474-1A3956D46DE8}") = "4.0 - Infrastructure", "4.0 - Infrastructure", "{7138007B-0E2A-426F-8F41-915E39DFFF58}"
EndProject
Project("{9A19103F-16F7-4668-BE54-9A1E7A4F7556}") = "eBank.Domain", "eBank.Domain\eBank.Domain.csproj", "{22D352C9-2376-4629-ACEC-FE6496458ABE}"
EndProject
Project("{9A19103F-16F7-4668-BE54-9A1E7A4F7556}") = "eBank.Business", "eBank.Business\eBank.Business.csproj", "{0BA9DD28-DCC3-4CF8-BA2C-7159A2824385}"
EndProject
Project("{9A19103F-16F7-4668-BE54-9A1E7A4F7556}") = "eBank.Business.DTO", "eBank.Business.DTO\eBank.Business.DTO.csproj", "{9FBAE5B8-6997-4B95-AF79-DDC4FE99ABAD}"
EndProject
Project("{2150E333-8FDC-42A3-9474-1A3956D46DE8}") = "4.1-Data", "4.1-Data", "{2B007ECD-51A3-4004-924A-11C957A2F24A}"
EndProject
Project("{2150E333-8FDC-42A3-9474-1A3956D46DE8}") = "4.2-CrossCutting", "4.2-CrossCutting", "{A7A90D4F-457F-4A57-9D29-6C0F75054803}"
EndProject
Project("{9A19103F-16F7-4668-BE54-9A1E7A4F7556}") = "eBank.Infra.Data", "eBank.Infra.Data\eBank.Infra.Data.csproj", "{5DCD70D5-6139-4E4B-88B0-019F24A9B9D7}"
EndProject
Project("{9A19103F-16F7-4668-BE54-9A1E7A4F7556}") = "eBank.Infra.Repository", "eBank.Infra.Repository\eBank.Infra.Repository.csproj", "{E81DC96B-1D4A-4AAA-8A71-AB63F7FB03B4}"
EndProject
Project("{9A19103F-16F7-4668-BE54-9A1E7A4F7556}") = "eBank.Infra.CrossCutting.IOC", "eBank.Infra.CrossCutting.IOC\eBank.Infra.CrossCutting.IOC.csproj", "{7B9C3194-3156-4B47-886E-AB6399B275A0}"
EndProject
Project("{2150E333-8FDC-42A3-9474-1A3956D46DE8}") = "API", "API", "{31536C51-8F86-4344-861A-88CF9F68E1C4}"
EndProject
Project("{2150E333-8FDC-42A3-9474-1A3956D46DE8}") = "UI", "UI", "{ED403ED3-CCC3-40EE-B523-107502C4FA6D}"
EndProject
Project("{9A19103F-16F7-4668-BE54-9A1E7A4F7556}") = "eBank.BankAPI", "eBank.BankAPI\eBank.BankAPI.csproj", "{40E8FA5B-74BD-4E17-8E05-C927E4CB80CF}"
EndProject
Project("{9A19103F-16F7-4668-BE54-9A1E7A4F7556}") = "eBank.AccountAPI", "eBank.AccountAPI\eBank.AccountAPI.csproj", "{32A3C789-404A-4F64-9A7A-2EB4D2B79803}"
EndProject
Project("{9A19103F-16F7-4668-BE54-9A1E7A4F7556}") = "eBank.OwnerAPI", "eBank.OwnerAPI\eBank.OwnerAPI.csproj", "{3B374C84-60C6-4926-ABC5-5D1B8EF4EDCA}"
EndProject
Project("{9A19103F-16F7-4668-BE54-9A1E7A4F7556}") = "eBank.FrontEnd.Web", "eBank.FrontEnd.Web\eBank.FrontEnd.Web.csproj", "{1E68BEE4-8593-41CD-A1EA-B81168959173}"
EndProject
Project("{2150E333-8FDC-42A3-9474-1A3956D46DE8}") = "UTest", "UTest", "{94E1C166-B00E-4418-905D-FBA3105013CF}"
EndProject
Project("{9A19103F-16F7-4668-BE54-9A1E7A4F7556}") = "eBank.Business.UnitTest", "eBank.Business.UnitTest\eBank.Business.UnitTest.csproj", "{EB299EC8-DFF5-4AAD-AF05-709D55347498}"
EndProject
Global
	GlobalSection(SolutionConfigurationPlatforms) = preSolution
		Debug|Any CPU = Debug|Any CPU
		Release|Any CPU = Release|Any CPU
	EndGlobalSection
	GlobalSection(ProjectConfigurationPlatforms) = postSolution
		{22D352C9-2376-4629-ACEC-FE6496458ABE}.Debug|Any CPU.ActiveCfg = Debug|Any CPU
		{22D352C9-2376-4629-ACEC-FE6496458ABE}.Debug|Any CPU.Build.0 = Debug|Any CPU
		{22D352C9-2376-4629-ACEC-FE6496458ABE}.Release|Any CPU.ActiveCfg = Release|Any CPU
		{22D352C9-2376-4629-ACEC-FE6496458ABE}.Release|Any CPU.Build.0 = Release|Any CPU
		{0BA9DD28-DCC3-4CF8-BA2C-7159A2824385}.Debug|Any CPU.ActiveCfg = Debug|Any CPU
		{0BA9DD28-DCC3-4CF8-BA2C-7159A2824385}.Debug|Any CPU.Build.0 = Debug|Any CPU
		{0BA9DD28-DCC3-4CF8-BA2C-7159A2824385}.Release|Any CPU.ActiveCfg = Release|Any CPU
		{0BA9DD28-DCC3-4CF8-BA2C-7159A2824385}.Release|Any CPU.Build.0 = Release|Any CPU
		{9FBAE5B8-6997-4B95-AF79-DDC4FE99ABAD}.Debug|Any CPU.ActiveCfg = Debug|Any CPU
		{9FBAE5B8-6997-4B95-AF79-DDC4FE99ABAD}.Debug|Any CPU.Build.0 = Debug|Any CPU
		{9FBAE5B8-6997-4B95-AF79-DDC4FE99ABAD}.Release|Any CPU.ActiveCfg = Release|Any CPU
		{9FBAE5B8-6997-4B95-AF79-DDC4FE99ABAD}.Release|Any CPU.Build.0 = Release|Any CPU
		{5DCD70D5-6139-4E4B-88B0-019F24A9B9D7}.Debug|Any CPU.ActiveCfg = Debug|Any CPU
		{5DCD70D5-6139-4E4B-88B0-019F24A9B9D7}.Debug|Any CPU.Build.0 = Debug|Any CPU
		{5DCD70D5-6139-4E4B-88B0-019F24A9B9D7}.Release|Any CPU.ActiveCfg = Release|Any CPU
		{5DCD70D5-6139-4E4B-88B0-019F24A9B9D7}.Release|Any CPU.Build.0 = Release|Any CPU
		{E81DC96B-1D4A-4AAA-8A71-AB63F7FB03B4}.Debug|Any CPU.ActiveCfg = Debug|Any CPU
		{E81DC96B-1D4A-4AAA-8A71-AB63F7FB03B4}.Debug|Any CPU.Build.0 = Debug|Any CPU
		{E81DC96B-1D4A-4AAA-8A71-AB63F7FB03B4}.Release|Any CPU.ActiveCfg = Release|Any CPU
		{E81DC96B-1D4A-4AAA-8A71-AB63F7FB03B4}.Release|Any CPU.Build.0 = Release|Any CPU
		{7B9C3194-3156-4B47-886E-AB6399B275A0}.Debug|Any CPU.ActiveCfg = Debug|Any CPU
		{7B9C3194-3156-4B47-886E-AB6399B275A0}.Debug|Any CPU.Build.0 = Debug|Any CPU
		{7B9C3194-3156-4B47-886E-AB6399B275A0}.Release|Any CPU.ActiveCfg = Release|Any CPU
		{7B9C3194-3156-4B47-886E-AB6399B275A0}.Release|Any CPU.Build.0 = Release|Any CPU
		{40E8FA5B-74BD-4E17-8E05-C927E4CB80CF}.Debug|Any CPU.ActiveCfg = Debug|Any CPU
		{40E8FA5B-74BD-4E17-8E05-C927E4CB80CF}.Debug|Any CPU.Build.0 = Debug|Any CPU
		{40E8FA5B-74BD-4E17-8E05-C927E4CB80CF}.Release|Any CPU.ActiveCfg = Release|Any CPU
		{40E8FA5B-74BD-4E17-8E05-C927E4CB80CF}.Release|Any CPU.Build.0 = Release|Any CPU
		{32A3C789-404A-4F64-9A7A-2EB4D2B79803}.Debug|Any CPU.ActiveCfg = Debug|Any CPU
		{32A3C789-404A-4F64-9A7A-2EB4D2B79803}.Debug|Any CPU.Build.0 = Debug|Any CPU
		{32A3C789-404A-4F64-9A7A-2EB4D2B79803}.Release|Any CPU.ActiveCfg = Release|Any CPU
		{32A3C789-404A-4F64-9A7A-2EB4D2B79803}.Release|Any CPU.Build.0 = Release|Any CPU
		{3B374C84-60C6-4926-ABC5-5D1B8EF4EDCA}.Debug|Any CPU.ActiveCfg = Debug|Any CPU
		{3B374C84-60C6-4926-ABC5-5D1B8EF4EDCA}.Debug|Any CPU.Build.0 = Debug|Any CPU
		{3B374C84-60C6-4926-ABC5-5D1B8EF4EDCA}.Release|Any CPU.ActiveCfg = Release|Any CPU
		{3B374C84-60C6-4926-ABC5-5D1B8EF4EDCA}.Release|Any CPU.Build.0 = Release|Any CPU
		{1E68BEE4-8593-41CD-A1EA-B81168959173}.Debug|Any CPU.ActiveCfg = Debug|Any CPU
		{1E68BEE4-8593-41CD-A1EA-B81168959173}.Debug|Any CPU.Build.0 = Debug|Any CPU
		{1E68BEE4-8593-41CD-A1EA-B81168959173}.Release|Any CPU.ActiveCfg = Release|Any CPU
		{1E68BEE4-8593-41CD-A1EA-B81168959173}.Release|Any CPU.Build.0 = Release|Any CPU
		{EB299EC8-DFF5-4AAD-AF05-709D55347498}.Debug|Any CPU.ActiveCfg = Debug|Any CPU
		{EB299EC8-DFF5-4AAD-AF05-709D55347498}.Debug|Any CPU.Build.0 = Debug|Any CPU
		{EB299EC8-DFF5-4AAD-AF05-709D55347498}.Release|Any CPU.ActiveCfg = Release|Any CPU
		{EB299EC8-DFF5-4AAD-AF05-709D55347498}.Release|Any CPU.Build.0 = Release|Any CPU
	EndGlobalSection
	GlobalSection(SolutionProperties) = preSolution
		HideSolutionNode = FALSE
	EndGlobalSection
	GlobalSection(NestedProjects) = preSolution
		{0A7C041A-4F27-4A83-A40D-78BB68B42993} = {F4814243-FAD3-4D99-B11A-23A0C59520F6}
		{E1C51FEC-5EC6-41FF-A43C-EE0B38D83E86} = {0A7C041A-4F27-4A83-A40D-78BB68B42993}
		{C58DBBFE-B0C0-4B7A-8409-7D1389EE7781} = {0A7C041A-4F27-4A83-A40D-78BB68B42993}
		{EEB55A19-6AD7-4BE0-A532-2B48CD1AAA74} = {0A7C041A-4F27-4A83-A40D-78BB68B42993}
		{7138007B-0E2A-426F-8F41-915E39DFFF58} = {0A7C041A-4F27-4A83-A40D-78BB68B42993}
		{22D352C9-2376-4629-ACEC-FE6496458ABE} = {EEB55A19-6AD7-4BE0-A532-2B48CD1AAA74}
		{0BA9DD28-DCC3-4CF8-BA2C-7159A2824385} = {C58DBBFE-B0C0-4B7A-8409-7D1389EE7781}
		{9FBAE5B8-6997-4B95-AF79-DDC4FE99ABAD} = {C58DBBFE-B0C0-4B7A-8409-7D1389EE7781}
		{2B007ECD-51A3-4004-924A-11C957A2F24A} = {7138007B-0E2A-426F-8F41-915E39DFFF58}
		{A7A90D4F-457F-4A57-9D29-6C0F75054803} = {7138007B-0E2A-426F-8F41-915E39DFFF58}
		{5DCD70D5-6139-4E4B-88B0-019F24A9B9D7} = {2B007ECD-51A3-4004-924A-11C957A2F24A}
		{E81DC96B-1D4A-4AAA-8A71-AB63F7FB03B4} = {2B007ECD-51A3-4004-924A-11C957A2F24A}
		{7B9C3194-3156-4B47-886E-AB6399B275A0} = {A7A90D4F-457F-4A57-9D29-6C0F75054803}
		{31536C51-8F86-4344-861A-88CF9F68E1C4} = {E1C51FEC-5EC6-41FF-A43C-EE0B38D83E86}
		{ED403ED3-CCC3-40EE-B523-107502C4FA6D} = {E1C51FEC-5EC6-41FF-A43C-EE0B38D83E86}
		{40E8FA5B-74BD-4E17-8E05-C927E4CB80CF} = {31536C51-8F86-4344-861A-88CF9F68E1C4}
		{32A3C789-404A-4F64-9A7A-2EB4D2B79803} = {31536C51-8F86-4344-861A-88CF9F68E1C4}
		{3B374C84-60C6-4926-ABC5-5D1B8EF4EDCA} = {31536C51-8F86-4344-861A-88CF9F68E1C4}
		{1E68BEE4-8593-41CD-A1EA-B81168959173} = {ED403ED3-CCC3-40EE-B523-107502C4FA6D}
		{94E1C166-B00E-4418-905D-FBA3105013CF} = {C58DBBFE-B0C0-4B7A-8409-7D1389EE7781}
		{EB299EC8-DFF5-4AAD-AF05-709D55347498} = {94E1C166-B00E-4418-905D-FBA3105013CF}
	EndGlobalSection
	GlobalSection(ExtensibilityGlobals) = postSolution
		SolutionGuid = {265DC39A-D115-49F6-A43B-3E88B2C900E0}
	EndGlobalSection
EndGlobal
